
Microsoft Visual Studio Solution File, Format Version 12.00
Project("{FAE04EC0-301F-11D3-BF4B-00C04F79EFBC}") = "WebApplication", "WebApplication\WebApplication.csproj", "{A916FAAB-21B2-4E76-9AAA-7095B99122EB}"
EndProject
Project("{FAE04EC0-301F-11D3-BF4B-00C04F79EFBC}") = "BlazorApplication", "BlazorApplication\BlazorApplication.csproj", "{5D20F739-47E2-41AD-8582-3E641D900BA0}"
EndProject
Global
	GlobalSection(SolutionConfigurationPlatforms) = preSolution
		Debug|Any CPU = Debug|Any CPU
		Release|Any CPU = Release|Any CPU
	EndGlobalSection
	GlobalSection(ProjectConfigurationPlatforms) = postSolution
		{A916FAAB-21B2-4E76-9AAA-7095B99122EB}.Debug|Any CPU.ActiveCfg = Debug|Any CPU
		{A916FAAB-21B2-4E76-9AAA-7095B99122EB}.Debug|Any CPU.Build.0 = Debug|Any CPU
		{A916FAAB-21B2-4E76-9AAA-7095B99122EB}.Release|Any CPU.ActiveCfg = Release|Any CPU
		{A916FAAB-21B2-4E76-9AAA-7095B99122EB}.Release|Any CPU.Build.0 = Release|Any CPU
		{5D20F739-47E2-41AD-8582-3E641D900BA0}.Debug|Any CPU.ActiveCfg = Debug|Any CPU
		{5D20F739-47E2-41AD-8582-3E641D900BA0}.Debug|Any CPU.Build.0 = Debug|Any CPU
		{5D20F739-47E2-41AD-8582-3E641D900BA0}.Release|Any CPU.ActiveCfg = Release|Any CPU
		{5D20F739-47E2-41AD-8582-3E641D900BA0}.Release|Any CPU.Build.0 = Release|Any CPU
	EndGlobalSection
EndGlobal
